
Microsoft Visual Studio Solution File, Format Version 12.00
# Visual Studio Version 16
VisualStudioVersion = 16.0.30128.74
MinimumVisualStudioVersion = 10.0.40219.1
Project("{FAE04EC0-301F-11D3-BF4B-00C04F79EFBC}") = "NotificationCentreApp", "NotificationCentreApp.csproj", "{EB51BE8D-BE27-4094-942C-28D243C286A9}"
EndProject
Global
	GlobalSection(SolutionConfigurationPlatforms) = preSolution
		Debug|Any CPU = Debug|Any CPU
		Release|Any CPU = Release|Any CPU
	EndGlobalSection
	GlobalSection(ProjectConfigurationPlatforms) = postSolution
		{EB51BE8D-BE27-4094-942C-28D243C286A9}.Debug|Any CPU.ActiveCfg = Debug|Any CPU
		{EB51BE8D-BE27-4094-942C-28D243C286A9}.Debug|Any CPU.Build.0 = Debug|Any CPU
		{EB51BE8D-BE27-4094-942C-28D243C286A9}.Release|Any CPU.ActiveCfg = Release|Any CPU
		{EB51BE8D-BE27-4094-942C-28D243C286A9}.Release|Any CPU.Build.0 = Release|Any CPU
	EndGlobalSection
	GlobalSection(SolutionProperties) = preSolution
		HideSolutionNode = FALSE
	EndGlobalSection
	GlobalSection(ExtensibilityGlobals) = postSolution
		SolutionGuid = {A92972BF-9D40-41EA-9ED3-B2CCE13D16C2}
	EndGlobalSection
EndGlobal
